
Microsoft Visual Studio Solution File, Format Version 12.00
# Visual Studio Version 17
VisualStudioVersion = 17.6.33815.320
MinimumVisualStudioVersion = 10.0.40219.1
Project("{FAE04EC0-301F-11D3-BF4B-00C04F79EFBC}") = "Task 1", "Task 1.csproj", "{6C80424B-A90F-4B0D-9A86-B80948870A59}"
EndProject
Global
	GlobalSection(SolutionConfigurationPlatforms) = preSolution
		Debug|Any CPU = Debug|Any CPU
		Release|Any CPU = Release|Any CPU
	EndGlobalSection
	GlobalSection(ProjectConfigurationPlatforms) = postSolution
		{6C80424B-A90F-4B0D-9A86-B80948870A59}.Debug|Any CPU.ActiveCfg = Debug|Any CPU
		{6C80424B-A90F-4B0D-9A86-B80948870A59}.Debug|Any CPU.Build.0 = Debug|Any CPU
		{6C80424B-A90F-4B0D-9A86-B80948870A59}.Release|Any CPU.ActiveCfg = Release|Any CPU
		{6C80424B-A90F-4B0D-9A86-B80948870A59}.Release|Any CPU.Build.0 = Release|Any CPU
	EndGlobalSection
	GlobalSection(SolutionProperties) = preSolution
		HideSolutionNode = FALSE
	EndGlobalSection
	GlobalSection(ExtensibilityGlobals) = postSolution
		SolutionGuid = {2D40ED27-1C6C-44E9-A00F-93150FF054E8}
	EndGlobalSection
EndGlobal
